{
  "name": "AvtoScroll",
  "lockfileVersion": 2,
  "requires": true,
  "packages": {
    "": {
      "dependencies": {
        "@splidejs/splide-extension-auto-scroll": "^0.4.2"
      }
    },
    "node_modules/@splidejs/splide-extension-auto-scroll": {
      "version": "0.4.2",
      "resolved": "https://registry.npmjs.org/@splidejs/splide-extension-auto-scroll/-/splide-extension-auto-scroll-0.4.2.tgz",
      "integrity": "sha512-kIKRhs1Gj5a6xKEi/h/7i/G20+kJgpfzvU3nPyLrAUYdK3Q3w8kxJ4DgeMJHzlF5iachnPUe2zXdWMhZHCHYfg=="
    }
  },
  "dependencies": {
    "@splidejs/splide-extension-auto-scroll": {
      "version": "0.4.2",
      "resolved": "https://registry.npmjs.org/@splidejs/splide-extension-auto-scroll/-/splide-extension-auto-scroll-0.4.2.tgz",
      "integrity": "sha512-kIKRhs1Gj5a6xKEi/h/7i/G20+kJgpfzvU3nPyLrAUYdK3Q3w8kxJ4DgeMJHzlF5iachnPUe2zXdWMhZHCHYfg=="
    }
  }
}
